// !$*UTF8*$!
{
	archiveVersion = 1;
	classes = {
	};
	objectVersion = 56;
	objects = {

/* Begin PBXBuildFile section */
		CC41A6D12AF9368E0097CB1F /* FavouritesView.swift in Sources */ = {isa = PBXBuildFile; fileRef = CC41A6D02AF9368D0097CB1F /* FavouritesView.swift */; };
		CC6364BD2AF2B0B200E12DBB /* MealInspoApp.swift in Sources */ = {isa = PBXBuildFile; fileRef = CC6364BC2AF2B0B200E12DBB /* MealInspoApp.swift */; };
		CC6364C12AF2B0BA00E12DBB /* Assets.xcassets in Resources */ = {isa = PBXBuildFile; fileRef = CC6364C02AF2B0BA00E12DBB /* Assets.xcassets */; };
		CC6364C42AF2B0BA00E12DBB /* Preview Assets.xcassets in Resources */ = {isa = PBXBuildFile; fileRef = CC6364C32AF2B0BA00E12DBB /* Preview Assets.xcassets */; };
		CC6364CC2AF2B33600E12DBB /* RandomMealView.swift in Sources */ = {isa = PBXBuildFile; fileRef = CC6364CB2AF2B33600E12DBB /* RandomMealView.swift */; };
		CC6364CF2AF4262900E12DBB /* Item.swift in Sources */ = {isa = PBXBuildFile; fileRef = CC6364CE2AF4262900E12DBB /* Item.swift */; };
		CCE80C272B02919F008B6D3E /* Outcome.swift in Sources */ = {isa = PBXBuildFile; fileRef = CCE80C262B02919F008B6D3E /* Outcome.swift */; };
/* End PBXBuildFile section */

/* Begin PBXFileReference section */
		CC41A6D02AF9368D0097CB1F /* FavouritesView.swift */ = {isa = PBXFileReference; lastKnownFileType = sourcecode.swift; path = FavouritesView.swift; sourceTree = "<group>"; };
		CC6364B92AF2B0B200E12DBB /* MealInspo.app */ = {isa = PBXFileReference; explicitFileType = wrapper.application; includeInIndex = 0; path = MealInspo.app; sourceTree = BUILT_PRODUCTS_DIR; };
		CC6364BC2AF2B0B200E12DBB /* MealInspoApp.swift */ = {isa = PBXFileReference; lastKnownFileType = sourcecode.swift; path = MealInspoApp.swift; sourceTree = "<group>"; };
		CC6364C02AF2B0BA00E12DBB /* Assets.xcassets */ = {isa = PBXFileReference; lastKnownFileType = folder.assetcatalog; path = Assets.xcassets; sourceTree = "<group>"; };
		CC6364C32AF2B0BA00E12DBB /* Preview Assets.xcassets */ = {isa = PBXFileReference; lastKnownFileType = folder.assetcatalog; path = "Preview Assets.xcassets"; sourceTree = "<group>"; };
		CC6364CB2AF2B33600E12DBB /* RandomMealView.swift */ = {isa = PBXFileReference; lastKnownFileType = sourcecode.swift; path = RandomMealView.swift; sourceTree = "<group>"; };
		CC6364CE2AF4262900E12DBB /* Item.swift */ = {isa = PBXFileReference; lastKnownFileType = sourcecode.swift; path = Item.swift; sourceTree = "<group>"; };
		CCE80C262B02919F008B6D3E /* Outcome.swift */ = {isa = PBXFileReference; lastKnownFileType = sourcecode.swift; path = Outcome.swift; sourceTree = "<group>"; };
/* End PBXFileReference section */

/* Begin PBXFrameworksBuildPhase section */
		CC6364B62AF2B0B200E12DBB /* Frameworks */ = {
			isa = PBXFrameworksBuildPhase;
			buildActionMask = 2147483647;
			files = (
			);
			runOnlyForDeploymentPostprocessing = 0;
		};
/* End PBXFrameworksBuildPhase section */

/* Begin PBXGroup section */
		CC6364B02AF2B0B200E12DBB = {
			isa = PBXGroup;
			children = (
				CC6364BB2AF2B0B200E12DBB /* MealInspo */,
				CC6364BA2AF2B0B200E12DBB /* Products */,
			);
			sourceTree = "<group>";
		};
		CC6364BA2AF2B0B200E12DBB /* Products */ = {
			isa = PBXGroup;
			children = (
				CC6364B92AF2B0B200E12DBB /* MealInspo.app */,
			);
			name = Products;
			sourceTree = "<group>";
		};
		CC6364BB2AF2B0B200E12DBB /* MealInspo */ = {
			isa = PBXGroup;
			children = (
				CC6364BC2AF2B0B200E12DBB /* MealInspoApp.swift */,
				CC6364CD2AF425EF00E12DBB /* Models */,
				CC6364CA2AF2B2F200E12DBB /* Views */,
				CC6364C02AF2B0BA00E12DBB /* Assets.xcassets */,
				CC6364C22AF2B0BA00E12DBB /* Preview Content */,
			);
			path = MealInspo;
			sourceTree = "<group>";
		};
		CC6364C22AF2B0BA00E12DBB /* Preview Content */ = {
			isa = PBXGroup;
			children = (
				CC6364C32AF2B0BA00E12DBB /* Preview Assets.xcassets */,
			);
			path = "Preview Content";
			sourceTree = "<group>";
		};
		CC6364CA2AF2B2F200E12DBB /* Views */ = {
			isa = PBXGroup;
			children = (
				CC6364CB2AF2B33600E12DBB /* RandomMealView.swift */,
				CC41A6D02AF9368D0097CB1F /* FavouritesView.swift */,
			);
			path = Views;
			sourceTree = "<group>";
		};
		CC6364CD2AF425EF00E12DBB /* Models */ = {
			isa = PBXGroup;
			children = (
				CC6364CE2AF4262900E12DBB /* Item.swift */,
				CCE80C262B02919F008B6D3E /* Outcome.swift */,
			);
			path = Models;
			sourceTree = "<group>";
		};
/* End PBXGroup section */

/* Begin PBXNativeTarget section */
		CC6364B82AF2B0B200E12DBB /* MealInspo */ = {
			isa = PBXNativeTarget;
			buildConfigurationList = CC6364C72AF2B0BA00E12DBB /* Build configuration list for PBXNativeTarget "MealInspo" */;
			buildPhases = (
				CC6364B52AF2B0B200E12DBB /* Sources */,
				CC6364B62AF2B0B200E12DBB /* Frameworks */,
				CC6364B72AF2B0B200E12DBB /* Resources */,
			);
			buildRules = (
			);
			dependencies = (
			);
			name = MealInspo;
			productName = MealInspo;
			productReference = CC6364B92AF2B0B200E12DBB /* MealInspo.app */;
			productType = "com.apple.product-type.application";
		};
/* End PBXNativeTarget section */

/* Begin PBXProject section */
		CC6364B12AF2B0B200E12DBB /* Project object */ = {
			isa = PBXProject;
			attributes = {
				BuildIndependentTargetsInParallel = 1;
				LastSwiftUpdateCheck = 1500;
				LastUpgradeCheck = 1500;
				TargetAttributes = {
					CC6364B82AF2B0B200E12DBB = {
						CreatedOnToolsVersion = 15.0;
					};
				};
			};
			buildConfigurationList = CC6364B42AF2B0B200E12DBB /* Build configuration list for PBXProject "MealInspo" */;
			compatibilityVersion = "Xcode 14.0";
			developmentRegion = en;
			hasScannedForEncodings = 0;
			knownRegions = (
				en,
				Base,
			);
			mainGroup = CC6364B02AF2B0B200E12DBB;
			productRefGroup = CC6364BA2AF2B0B200E12DBB /* Products */;
			projectDirPath = "";
			projectRoot = "";
			targets = (
				CC6364B82AF2B0B200E12DBB /* MealInspo */,
			);
		};
/* End PBXProject section */

/* Begin PBXResourcesBuildPhase section */
		CC6364B72AF2B0B200E12DBB /* Resources */ = {
			isa = PBXResourcesBuildPhase;
			buildActionMask = 2147483647;
			files = (
				CC6364C42AF2B0BA00E12DBB /* Preview Assets.xcassets in Resources */,
				CC6364C12AF2B0BA00E12DBB /* Assets.xcassets in Resources */,
			);
			runOnlyForDeploymentPostprocessing = 0;
		};
/* End PBXResourcesBuildPhase section */

/* Begin PBXSourcesBuildPhase section */
		CC6364B52AF2B0B200E12DBB /* Sources */ = {
			isa = PBXSourcesBuildPhase;
			buildActionMask = 2147483647;
			files = (
				CC6364CC2AF2B33600E12DBB /* RandomMealView.swift in Sources */,
				CCE80C272B02919F008B6D3E /* Outcome.swift in Sources */,
				CC6364CF2AF4262900E12DBB /* Item.swift in Sources */,
				CC41A6D12AF9368E0097CB1F /* FavouritesView.swift in Sources */,
				CC6364BD2AF2B0B200E12DBB /* MealInspoApp.swift in Sources */,
			);
			runOnlyForDeploymentPostprocessing = 0;
		};
/* End PBXSourcesBuildPhase section */

/* Begin XCBuildConfiguration section */
		CC6364C52AF2B0BA00E12DBB /* Debug */ = {
			isa = XCBuildConfiguration;
			buildSettings = {
				ALWAYS_SEARCH_USER_PATHS = NO;
				ASSETCATALOG_COMPILER_GENERATE_SWIFT_ASSET_SYMBOL_EXTENSIONS = YES;
				CLANG_ANALYZER_NONNULL = YES;
				CLANG_ANALYZER_NUMBER_OBJECT_CONVERSION = YES_AGGRESSIVE;
				CLANG_CXX_LANGUAGE_STANDARD = "gnu++20";
				CLANG_ENABLE_MODULES = YES;
				CLANG_ENABLE_OBJC_ARC = YES;
				CLANG_ENABLE_OBJC_WEAK = YES;
				CLANG_WARN_BLOCK_CAPTURE_AUTORELEASING = YES;
				CLANG_WARN_BOOL_CONVERSION = YES;
				CLANG_WARN_COMMA = YES;
				CLANG_WARN_CONSTANT_CONVERSION = YES;
				CLANG_WARN_DEPRECATED_OBJC_IMPLEMENTATIONS = YES;
				CLANG_WARN_DIRECT_OBJC_ISA_USAGE = YES_ERROR;
				CLANG_WARN_DOCUMENTATION_COMMENTS = YES;
				CLANG_WARN_EMPTY_BODY = YES;
				CLANG_WARN_ENUM_CONVERSION = YES;
				CLANG_WARN_INFINITE_RECURSION = YES;
				CLANG_WARN_INT_CONVERSION = YES;
				CLANG_WARN_NON_LITERAL_NULL_CONVERSION = YES;
				CLANG_WARN_OBJC_IMPLICIT_RETAIN_SELF = YES;
				CLANG_WARN_OBJC_LITERAL_CONVERSION = YES;
				CLANG_WARN_OBJC_ROOT_CLASS = YES_ERROR;
				CLANG_WARN_QUOTED_INCLUDE_IN_FRAMEWORK_HEADER = YES;
				CLANG_WARN_RANGE_LOOP_ANALYSIS = YES;
				CLANG_WARN_STRICT_PROTOTYPES = YES;
				CLANG_WARN_SUSPICIOUS_MOVE = YES;
				CLANG_WARN_UNGUARDED_AVAILABILITY = YES_AGGRESSIVE;
				CLANG_WARN_UNREACHABLE_CODE = YES;
				CLANG_WARN__DUPLICATE_METHOD_MATCH = YES;
				COPY_PHASE_STRIP = NO;
				DEBUG_INFORMATION_FORMAT = dwarf;
				ENABLE_STRICT_OBJC_MSGSEND = YES;
				ENABLE_TESTABILITY = YES;
				ENABLE_USER_SCRIPT_SANDBOXING = YES;
				GCC_C_LANGUAGE_STANDARD = gnu17;
				GCC_DYNAMIC_NO_PIC = NO;
				GCC_NO_COMMON_BLOCKS = YES;
				GCC_OPTIMIZATION_LEVEL = 0;
				GCC_PREPROCESSOR_DEFINITIONS = (
					"DEBUG=1",
					"$(inherited)",
				);
				GCC_WARN_64_TO_32_BIT_CONVERSION = YES;
				GCC_WARN_ABOUT_RETURN_TYPE = YES_ERROR;
				GCC_WARN_UNDECLARED_SELECTOR = YES;
				GCC_WARN_UNINITIALIZED_AUTOS = YES_AGGRESSIVE;
				GCC_WARN_UNUSED_FUNCTION = YES;
				GCC_WARN_UNUSED_VARIABLE = YES;
				IPHONEOS_DEPLOYMENT_TARGET = 17.0;
				LOCALIZATION_PREFERS_STRING_CATALOGS = YES;
				MTL_ENABLE_DEBUG_INFO = INCLUDE_SOURCE;
				MTL_FAST_MATH = YES;
				ONLY_ACTIVE_ARCH = YES;
				SDKROOT = iphoneos;
				SWIFT_ACTIVE_COMPILATION_CONDITIONS = "DEBUG $(inherited)";
				SWIFT_OPTIMIZATION_LEVEL = "-Onone";
			};
			name = Debug;
		};
		CC6364C62AF2B0BA00E12DBB /* Release */ = {
			isa = XCBuildConfiguration;
			buildSettings = {
				ALWAYS_SEARCH_USER_PATHS = NO;
				ASSETCATALOG_COMPILER_GENERATE_SWIFT_ASSET_SYMBOL_EXTENSIONS = YES;
				CLANG_ANALYZER_NONNULL = YES;
				CLANG_ANALYZER_NUMBER_OBJECT_CONVERSION = YES_AGGRESSIVE;
				CLANG_CXX_LANGUAGE_STANDARD = "gnu++20";
				CLANG_ENABLE_MODULES = YES;
				CLANG_ENABLE_OBJC_ARC = YES;
				CLANG_ENABLE_OBJC_WEAK = YES;
				CLANG_WARN_BLOCK_CAPTURE_AUTORELEASING = YES;
				CLANG_WARN_BOOL_CONVERSION = YES;
				CLANG_WARN_COMMA = YES;
				CLANG_WARN_CONSTANT_CONVERSION = YES;
				CLANG_WARN_DEPRECATED_OBJC_IMPLEMENTATIONS = YES;
				CLANG_WARN_DIRECT_OBJC_ISA_USAGE = YES_ERROR;
				CLANG_WARN_DOCUMENTATION_COMMENTS = YES;
				CLANG_WARN_EMPTY_BODY = YES;
				CLANG_WARN_ENUM_CONVERSION = YES;
				CLANG_WARN_INFINITE_RECURSION = YES;
				CLANG_WARN_INT_CONVERSION = YES;
				CLANG_WARN_NON_LITERAL_NULL_CONVERSION = YES;
				CLANG_WARN_OBJC_IMPLICIT_RETAIN_SELF = YES;
				CLANG_WARN_OBJC_LITERAL_CONVERSION = YES;
				CLANG_WARN_OBJC_ROOT_CLASS = YES_ERROR;
				CLANG_WARN_QUOTED_INCLUDE_IN_FRAMEWORK_HEADER = YES;
				CLANG_WARN_RANGE_LOOP_ANALYSIS = YES;
				CLANG_WARN_STRICT_PROTOTYPES = YES;
				CLANG_WARN_SUSPICIOUS_MOVE = YES;
				CLANG_WARN_UNGUARDED_AVAILABILITY = YES_AGGRESSIVE;
				CLANG_WARN_UNREACHABLE_CODE = YES;
				CLANG_WARN__DUPLICATE_METHOD_MATCH = YES;
				COPY_PHASE_STRIP = NO;
				DEBUG_INFORMATION_FORMAT = "dwarf-with-dsym";
				ENABLE_NS_ASSERTIONS = NO;
				ENABLE_STRICT_OBJC_MSGSEND = YES;
				ENABLE_USER_SCRIPT_SANDBOXING = YES;
				GCC_C_LANGUAGE_STANDARD = gnu17;
				GCC_NO_COMMON_BLOCKS = YES;
				GCC_WARN_64_TO_32_BIT_CONVERSION = YES;
				GCC_WARN_ABOUT_RETURN_TYPE = YES_ERROR;
				GCC_WARN_UNDECLARED_SELECTOR = YES;
				GCC_WARN_UNINITIALIZED_AUTOS = YES_AGGRESSIVE;
				GCC_WARN_UNUSED_FUNCTION = YES;
				GCC_WARN_UNUSED_VARIABLE = YES;
				IPHONEOS_DEPLOYMENT_TARGET = 17.0;
				LOCALIZATION_PREFERS_STRING_CATALOGS = YES;
				MTL_ENABLE_DEBUG_INFO = NO;
				MTL_FAST_MATH = YES;
				SDKROOT = iphoneos;
				SWIFT_COMPILATION_MODE = wholemodule;
				VALIDATE_PRODUCT = YES;
			};
			name = Release;
		};
		CC6364C82AF2B0BA00E12DBB /* Debug */ = {
			isa = XCBuildConfiguration;
			buildSettings = {
				ASSETCATALOG_COMPILER_APPICON_NAME = AppIcon;
				ASSETCATALOG_COMPILER_GLOBAL_ACCENT_COLOR_NAME = AccentColor;
				CODE_SIGN_STYLE = Automatic;
				CURRENT_PROJECT_VERSION = 1;
				DEVELOPMENT_ASSET_PATHS = "\"MealInspo/Preview Content\"";
				DEVELOPMENT_TEAM = G35KD7X25D;
				ENABLE_PREVIEWS = YES;
				GENERATE_INFOPLIST_FILE = YES;
				INFOPLIST_KEY_UIApplicationSceneManifest_Generation = YES;
				INFOPLIST_KEY_UIApplicationSupportsIndirectInputEvents = YES;
				INFOPLIST_KEY_UILaunchScreen_Generation = YES;
				INFOPLIST_KEY_UISupportedInterfaceOrientations_iPad = "UIInterfaceOrientationPortrait UIInterfaceOrientationPortraitUpsideDown UIInterfaceOrientationLandscapeLeft UIInterfaceOrientationLandscapeRight";
				INFOPLIST_KEY_UISupportedInterfaceOrientations_iPhone = "UIInterfaceOrientationPortrait UIInterfaceOrientationLandscapeLeft UIInterfaceOrientationLandscapeRight";
				LD_RUNPATH_SEARCH_PATHS = (
					"$(inherited)",
					"@executable_path/Frameworks",
				);
				MARKETING_VERSION = 1.0;
				PRODUCT_BUNDLE_IDENTIFIER = com.codewithmorgan.MealInspo;
				PRODUCT_NAME = "$(TARGET_NAME)";
				SWIFT_EMIT_LOC_STRINGS = YES;
				SWIFT_VERSION = 5.0;
				TARGETED_DEVICE_FAMILY = "1,2";
			};
			name = Debug;
		};
		CC6364C92AF2B0BA00E12DBB /* Release */ = {
			isa = XCBuildConfiguration;
			buildSettings = {
				ASSETCATALOG_COMPILER_APPICON_NAME = AppIcon;
				ASSETCATALOG_COMPILER_GLOBAL_ACCENT_COLOR_NAME = AccentColor;
				CODE_SIGN_STYLE = Automatic;
				CURRENT_PROJECT_VERSION = 1;
				DEVELOPMENT_ASSET_PATHS = "\"MealInspo/Preview Content\"";
				DEVELOPMENT_TEAM = G35KD7X25D;
				ENABLE_PREVIEWS = YES;
				GENERATE_INFOPLIST_FILE = YES;
				INFOPLIST_KEY_UIApplicationSceneManifest_Generation = YES;
				INFOPLIST_KEY_UIApplicationSupportsIndirectInputEvents = YES;
				INFOPLIST_KEY_UILaunchScreen_Generation = YES;
				INFOPLIST_KEY_UISupportedInterfaceOrientations_iPad = "UIInterfaceOrientationPortrait UIInterfaceOrientationPortraitUpsideDown UIInterfaceOrientationLandscapeLeft UIInterfaceOrientationLandscapeRight";
				INFOPLIST_KEY_UISupportedInterfaceOrientations_iPhone = "UIInterfaceOrientationPortrait UIInterfaceOrientationLandscapeLeft UIInterfaceOrientationLandscapeRight";
				LD_RUNPATH_SEARCH_PATHS = (
					"$(inherited)",
					"@executable_path/Frameworks",
				);
				MARKETING_VERSION = 1.0;
				PRODUCT_BUNDLE_IDENTIFIER = com.codewithmorgan.MealInspo;
				PRODUCT_NAME = "$(TARGET_NAME)";
				SWIFT_EMIT_LOC_STRINGS = YES;
				SWIFT_VERSION = 5.0;
				TARGETED_DEVICE_FAMILY = "1,2";
			};
			name = Release;
		};
/* End XCBuildConfiguration section */

/* Begin XCConfigurationList section */
		CC6364B42AF2B0B200E12DBB /* Build configuration list for PBXProject "MealInspo" */ = {
			isa = XCConfigurationList;
			buildConfigurations = (
				CC6364C52AF2B0BA00E12DBB /* Debug */,
				CC6364C62AF2B0BA00E12DBB /* Release */,
			);
			defaultConfigurationIsVisible = 0;
			defaultConfigurationName = Release;
		};
		CC6364C72AF2B0BA00E12DBB /* Build configuration list for PBXNativeTarget "MealInspo" */ = {
			isa = XCConfigurationList;
			buildConfigurations = (
				CC6364C82AF2B0BA00E12DBB /* Debug */,
				CC6364C92AF2B0BA00E12DBB /* Release */,
			);
			defaultConfigurationIsVisible = 0;
			defaultConfigurationName = Release;
		};
/* End XCConfigurationList section */
	};
	rootObject = CC6364B12AF2B0B200E12DBB /* Project object */;
}
